
Microsoft Visual Studio Solution File, Format Version 12.00
# Visual Studio Version 16
VisualStudioVersion = 16.0.34114.132
MinimumVisualStudioVersion = 10.0.40219.1
Project("{9A19103F-16F7-4668-BE54-9A1E7A4F7556}") = "SpecFlowTests", "SpecFlowTests.csproj", "{F3FFFE8D-0FDB-4A66-B6A8-A677CB2A1DC0}"
EndProject
Global
	GlobalSection(SolutionConfigurationPlatforms) = preSolution
		Debug|Any CPU = Debug|Any CPU
		Release|Any CPU = Release|Any CPU
		Description = SpecFlowTests
	EndGlobalSection
	GlobalSection(ProjectConfigurationPlatforms) = postSolution
		{F3FFFE8D-0FDB-4A66-B6A8-A677CB2A1DC0}.Debug|Any CPU.ActiveCfg = Debug|Any CPU
		{F3FFFE8D-0FDB-4A66-B6A8-A677CB2A1DC0}.Debug|Any CPU.Build.0 = Debug|Any CPU
		{F3FFFE8D-0FDB-4A66-B6A8-A677CB2A1DC0}.Release|Any CPU.ActiveCfg = Release|Any CPU
		{F3FFFE8D-0FDB-4A66-B6A8-A677CB2A1DC0}.Release|Any CPU.Build.0 = Release|Any CPU
	EndGlobalSection
	GlobalSection(SolutionProperties) = preSolution
		HideSolutionNode = FALSE
	EndGlobalSection
	GlobalSection(ExtensibilityGlobals) = postSolution
		SolutionGuid = {623EBD64-36BB-4BC5-8344-29025AA7F60A}
	EndGlobalSection
EndGlobal
